
Microsoft Visual Studio Solution File, Format Version 12.00
# Visual Studio 15
VisualStudioVersion = 15.0.26730.16
MinimumVisualStudioVersion = 10.0.40219.1
Project("{FAE04EC0-301F-11D3-BF4B-00C04F79EFBC}") = "AppGameCenter", "AppGameCenter\AppGameCenter.csproj", "{9D592D25-2803-455E-B5D6-E800181590B9}"
EndProject
Global
	GlobalSection(SolutionConfigurationPlatforms) = preSolution
		Debug|Any CPU = Debug|Any CPU
		Release|Any CPU = Release|Any CPU
	EndGlobalSection
	GlobalSection(ProjectConfigurationPlatforms) = postSolution
		{9D592D25-2803-455E-B5D6-E800181590B9}.Debug|Any CPU.ActiveCfg = Debug|Any CPU
		{9D592D25-2803-455E-B5D6-E800181590B9}.Debug|Any CPU.Build.0 = Debug|Any CPU
		{9D592D25-2803-455E-B5D6-E800181590B9}.Release|Any CPU.ActiveCfg = Release|Any CPU
		{9D592D25-2803-455E-B5D6-E800181590B9}.Release|Any CPU.Build.0 = Release|Any CPU
	EndGlobalSection
	GlobalSection(SolutionProperties) = preSolution
		HideSolutionNode = FALSE
	EndGlobalSection
	GlobalSection(ExtensibilityGlobals) = postSolution
		SolutionGuid = {19F60253-BDDF-4663-B20F-F3EFB98AD4E4}
	EndGlobalSection
EndGlobal
